
Microsoft Visual Studio Solution File, Format Version 12.00
# Visual Studio Version 17
VisualStudioVersion = 17.10.35004.147
MinimumVisualStudioVersion = 10.0.40219.1
Project("{9A19103F-16F7-4668-BE54-9A1E7A4F7556}") = "Document.Store", "Document.Store\Document.Store.csproj", "{AB0E0F47-5737-4E66-BEB8-018DA40437CE}"
EndProject
Project("{9A19103F-16F7-4668-BE54-9A1E7A4F7556}") = "Document.DataAccess", "Document.DataAccess\Document.DataAccess.csproj", "{1EFC0BB9-369F-446E-A9CA-9C102EEE9697}"
EndProject
Project("{9A19103F-16F7-4668-BE54-9A1E7A4F7556}") = "Document.Tests", "Document.Tests\Document.Tests.csproj", "{0E180CA1-5535-4B4D-9F70-5BB5BE519FA2}"
EndProject
Project("{2150E333-8FDC-42A3-9474-1A3956D46DE8}") = "Exterrnal", "Exterrnal", "{61460AF7-94A0-4A91-9F6E-7B7A7D19D88E}"
	ProjectSection(SolutionItems) = preProject
		.dockerignore = .dockerignore
		Dockerfile = Dockerfile
	EndProjectSection
EndProject
Global
	GlobalSection(SolutionConfigurationPlatforms) = preSolution
		Debug|Any CPU = Debug|Any CPU
		Release|Any CPU = Release|Any CPU
	EndGlobalSection
	GlobalSection(ProjectConfigurationPlatforms) = postSolution
		{AB0E0F47-5737-4E66-BEB8-018DA40437CE}.Debug|Any CPU.ActiveCfg = Debug|Any CPU
		{AB0E0F47-5737-4E66-BEB8-018DA40437CE}.Debug|Any CPU.Build.0 = Debug|Any CPU
		{AB0E0F47-5737-4E66-BEB8-018DA40437CE}.Release|Any CPU.ActiveCfg = Release|Any CPU
		{AB0E0F47-5737-4E66-BEB8-018DA40437CE}.Release|Any CPU.Build.0 = Release|Any CPU
		{1EFC0BB9-369F-446E-A9CA-9C102EEE9697}.Debug|Any CPU.ActiveCfg = Debug|Any CPU
		{1EFC0BB9-369F-446E-A9CA-9C102EEE9697}.Debug|Any CPU.Build.0 = Debug|Any CPU
		{1EFC0BB9-369F-446E-A9CA-9C102EEE9697}.Release|Any CPU.ActiveCfg = Release|Any CPU
		{1EFC0BB9-369F-446E-A9CA-9C102EEE9697}.Release|Any CPU.Build.0 = Release|Any CPU
		{0E180CA1-5535-4B4D-9F70-5BB5BE519FA2}.Debug|Any CPU.ActiveCfg = Debug|Any CPU
		{0E180CA1-5535-4B4D-9F70-5BB5BE519FA2}.Debug|Any CPU.Build.0 = Debug|Any CPU
		{0E180CA1-5535-4B4D-9F70-5BB5BE519FA2}.Release|Any CPU.ActiveCfg = Release|Any CPU
		{0E180CA1-5535-4B4D-9F70-5BB5BE519FA2}.Release|Any CPU.Build.0 = Release|Any CPU
	EndGlobalSection
	GlobalSection(SolutionProperties) = preSolution
		HideSolutionNode = FALSE
	EndGlobalSection
	GlobalSection(ExtensibilityGlobals) = postSolution
		SolutionGuid = {DA35179E-ADD6-4103-B1D3-1692783CA433}
	EndGlobalSection
EndGlobal
